# THIS IS AN AUTOGENERATED FILE. DO NOT EDIT THIS FILE DIRECTLY.
# yarn lockfile v1


"ohm-js@^16.3.4":
  "integrity" "sha512-Twk5k+an4HLKH/3QMiItq87svx+2aG6HVYa3jTs5D54GuKIYs2UQUF5NH/+y/pvVmocwWulrBd4VdrNVPQ2zJQ=="
  "resolved" "https://registry.npmjs.org/ohm-js/-/ohm-js-16.3.4.tgz"
  "version" "16.3.4"
